<Solution>
  <Project Path="src/hello/hello.csproj" />
  <Project Path="src/ms_hello/ms_hello.csproj" />
  <Project Path="src/hello3/hello3.csproj" />
  <Project Path="src/az_planner/az_planner.csproj" />
  <Project Path="src/utility_ls/utility_ls.csproj" />
  <Project Path="src/utility_free/utility_free.csproj" />
  <Project Path="src/utility_top/utility_top.csproj" />
  <Project Path="src/mslearn-dotnet-files/mslearn-dotnet-files.csproj" />
  <Project Path="src/mslearn0-webserver-simplest/mslearn-webserver-simplest.csproj" />
  <Project Path="src/mslearn1-ContosoPizza/mslearn-ContosoPizza.csproj" />
  <Project Path="src/mslearn2-webserver2simple/mslearn-webserver2simple.csproj" />
  <Project Path="src/mslearn3-Blazor/mslearn-Blazor.csproj" />
  <Project Path="src/mslearn4-ToDo-Blazor/mslearn-ToDo-Blazor.csproj" />
  <Project Path="src/mslearn5-IteractiveBlazor/IteractiveBlazor.csproj" />
  <Project Path="src/mslearn6-BlazingPizza/BlazingPizza.csproj" />
  <Project Path="src/mslearn7-TestProject/mslearn7-TestProject.csproj" />
  <Project Path="src/mslearn8-Arrays/mslearn8-Arrays.csproj" />
  <Project Path="src/mslearn9-PetStore/mslearn9-PetStore.csproj" />
  <Project Path="src/260816-awards/260816-awards.csproj" />
  <Project Path="src/260820-ava3d/260820-ava3d.csproj" />
  <Project Path="src/260901-ava2d/260901-ava2d.csproj" />
  <Project Path="src/avalonia1-tutorial/avalonia1-tutorial.csproj" />
  <Project Path="src/mslearn10-PetStore/mslearn10-PetStore.csproj" />
  <Project Path="src/mslearn11-TypeConversion/mslearn11-TypeConversion.csproj" />
  <Project Path="src/game_donut/game_donut.csproj" />
  <Project Path="src/game2_donut/game2_donut.csproj" />
</Solution>
